<Solution>
  <Folder Name="/Task0/">
    <Project Path="Tyuiu.KonevkaAS.Sprint1.Task0.V0.Lib/Tyuiu.KonevkaAS.Sprint1.Task0.V15.Lib.csproj" />
    <Project Path="Tyuiu.KonevkaAS.Sprint1.Task0.V0.Test/Tyuiu.KonevkaAS.Sprint1.Task0.V15.Test.csproj" />
    <Project Path="Tyuiu.KonevkaAS.Sprint1.Task0.V0/Tyuiu.KonevkaAS.Sprint1.Task0.V15.csproj" />
  </Folder>
  <Folder Name="/Task1/">
    <Project Path="Tyuiu.KonevkaAS.Sprint1.Task1.V16.Lib/Tyuiu.KonevkaAS.Sprint1.Task1.V16.Lib.csproj" />
    <Project Path="Tyuiu.KonevkaAS.Sprint1.Task1.V16.Test/Tyuiu.KonevkaAS.Sprint1.Task1.V16.Test.csproj" />
    <Project Path="Tyuiu.KonevkaAS.Sprint1.Task1.V16/Tyuiu.KonevkaAS.Sprint1.Task1.V16.csproj" />
  </Folder>
  <Folder Name="/Task2/">
    <Project Path="Tyuiu.KonevkaAS.Sprint1.Task2.V16.Lib/Tyuiu.KonevkaAS.Sprint1.Task2.V16.Lib.csproj" />
    <Project Path="Tyuiu.KonevkaAS.Sprint1.Task2.V16.Test/Tyuiu.KonevkaAS.Sprint1.Task2.V16.Test.csproj" />
    <Project Path="Tyuiu.KonevkaAS.Sprint1.Task2.V16/Tyuiu.KonevkaAS.Sprint1.Task2.V16.csproj" />
  </Folder>
</Solution>
